
Microsoft Visual Studio Solution File, Format Version 12.00
# Visual Studio Version 16
VisualStudioVersion = 16.0.30523.141
MinimumVisualStudioVersion = 10.0.40219.1
Project("{FAE04EC0-301F-11D3-BF4B-00C04F79EFBC}") = "ParkAPI", "ParkAPI\ParkAPI.csproj", "{53C817A7-665E-470E-A16A-F3392A2F7A4A}"
EndProject
Global
	GlobalSection(SolutionConfigurationPlatforms) = preSolution
		Debug|Any CPU = Debug|Any CPU
		Release|Any CPU = Release|Any CPU
	EndGlobalSection
	GlobalSection(ProjectConfigurationPlatforms) = postSolution
		{53C817A7-665E-470E-A16A-F3392A2F7A4A}.Debug|Any CPU.ActiveCfg = Debug|Any CPU
		{53C817A7-665E-470E-A16A-F3392A2F7A4A}.Debug|Any CPU.Build.0 = Debug|Any CPU
		{53C817A7-665E-470E-A16A-F3392A2F7A4A}.Release|Any CPU.ActiveCfg = Release|Any CPU
		{53C817A7-665E-470E-A16A-F3392A2F7A4A}.Release|Any CPU.Build.0 = Release|Any CPU
	EndGlobalSection
	GlobalSection(SolutionProperties) = preSolution
		HideSolutionNode = FALSE
	EndGlobalSection
	GlobalSection(ExtensibilityGlobals) = postSolution
		SolutionGuid = {D5F925D9-4C43-47BC-B767-6671F873982D}
	EndGlobalSection
EndGlobal
